version = 1
revision = 1
requires-python = ">=3.11"
resolution-markers = [
    "python_full_version >= '3.14'",
    "python_full_version >= '3.12' and python_full_version < '3.14'",
    "python_full_version < '3.12'",
]

[[package]]
name = "spam-of-the-times"
version = "1.0.0"
source = { virtual = "." }
